PODS:
  - LXColorManager (1.0.0)
  - LXFitManager (1.1.0)
  - LXSegmentManager (1.2.3):
    - LXColorManager
    - LXFitManager

DEPENDENCIES:
  - LXSegmentManager (from `./`)

SPEC REPOS:
  https://github.com/CocoaPods/Specs.git:
    - LXColorManager
    - LXFitManager

EXTERNAL SOURCES:
  LXSegmentManager:
    :path: "./"

SPEC CHECKSUMS:
  LXColorManager: 1e3b3cf605777e0f78eaa4a34ab280eb83c69eb7
  LXFitManager: d76fa8e60a899fccf87c66fe33e19479e1d64906
  LXSegmentManager: 0da5f1da3afd8fecb22ca392da1a0e7a22e75ecf

PODFILE CHECKSUM: ee788b61eaeca3069571aea2f2c13b970084f6d4

COCOAPODS: 1.9.1
